// !$*UTF8*$!
{
	archiveVersion = 1;
	classes = {
	};
	objectVersion = 46;
	objects = {

/* Begin PBXContainerItemProxy section */
		B1AD8FFA1C53223300DD47FC /* PBXContainerItemProxy */ = {
			isa = PBXContainerItemProxy;
			containerPortal = B1AD8FF61C53223200DD47FC /* NSTextView.Event.xcodeproj */;
			proxyType = 2;
			remoteGlobalIDString = B1AD8FE41C53223200DD47FC;
			remoteInfo = NSTextView.Event;
		};
		B1AD90221C53BCBE00DD47FC /* PBXContainerItemProxy */ = {
			isa = PBXContainerItemProxy;
			containerPortal = B1AD901E1C53BCBD00DD47FC /* BindingsWithProtocol.xcodeproj */;
			proxyType = 2;
			remoteGlobalIDString = B1AD900C1C53BCBD00DD47FC;
			remoteInfo = BindingsWithProtocol;
		};
		B1B5C6481C549DFB00230A3F /* PBXContainerItemProxy */ = {
			isa = PBXContainerItemProxy;
			containerPortal = B1B5C6431C549DFA00230A3F /* ModifierFlagsDetect.xcodeproj */;
			proxyType = 2;
			remoteGlobalIDString = B1B5C6311C549DFA00230A3F;
			remoteInfo = ModifierFlagsDetect;
		};
/* End PBXContainerItemProxy section */

/* Begin PBXFileReference section */
		B1AD8FF61C53223200DD47FC /* NSTextView.Event.xcodeproj */ = {isa = PBXFileReference; lastKnownFileType = "wrapper.pb-project"; name = NSTextView.Event.xcodeproj; path = NSTextView.Event/NSTextView.Event.xcodeproj; sourceTree = "<group>"; };
		B1AD901E1C53BCBD00DD47FC /* BindingsWithProtocol.xcodeproj */ = {isa = PBXFileReference; lastKnownFileType = "wrapper.pb-project"; name = BindingsWithProtocol.xcodeproj; path = BindingsWithProtocol/BindingsWithProtocol.xcodeproj; sourceTree = "<group>"; };
		B1B5C6431C549DFA00230A3F /* ModifierFlagsDetect.xcodeproj */ = {isa = PBXFileReference; lastKnownFileType = "wrapper.pb-project"; name = ModifierFlagsDetect.xcodeproj; path = ModifierFlagsDetect/ModifierFlagsDetect.xcodeproj; sourceTree = "<group>"; };
/* End PBXFileReference section */

/* Begin PBXGroup section */
		B1AD8FB31C53218A00DD47FC = {
			isa = PBXGroup;
			children = (
				B1B5C6431C549DFA00230A3F /* ModifierFlagsDetect.xcodeproj */,
				B1AD901E1C53BCBD00DD47FC /* BindingsWithProtocol.xcodeproj */,
				B1AD8FF61C53223200DD47FC /* NSTextView.Event.xcodeproj */,
			);
			sourceTree = "<group>";
			usesTabs = 1;
		};
		B1AD8FF71C53223200DD47FC /* Products */ = {
			isa = PBXGroup;
			children = (
				B1AD8FFB1C53223300DD47FC /* NSTextView.Event.app */,
			);
			name = Products;
			sourceTree = "<group>";
		};
		B1AD901F1C53BCBD00DD47FC /* Products */ = {
			isa = PBXGroup;
			children = (
				B1AD90231C53BCBE00DD47FC /* BindingsWithProtocol.app */,
			);
			name = Products;
			sourceTree = "<group>";
		};
		B1B5C6441C549DFA00230A3F /* Products */ = {
			isa = PBXGroup;
			children = (
				B1B5C6491C549DFB00230A3F /* ModifierFlagsDetect.app */,
			);
			name = Products;
			sourceTree = "<group>";
		};
/* End PBXGroup section */

/* Begin PBXProject section */
		B1AD8FB41C53218A00DD47FC /* Project object */ = {
			isa = PBXProject;
			attributes = {
				LastUpgradeCheck = 0720;
			};
			buildConfigurationList = B1AD8FB71C53218A00DD47FC /* Build configuration list for PBXProject "SamplePrjects" */;
			compatibilityVersion = "Xcode 3.2";
			developmentRegion = English;
			hasScannedForEncodings = 0;
			knownRegions = (
				en,
			);
			mainGroup = B1AD8FB31C53218A00DD47FC;
			projectDirPath = "";
			projectReferences = (
				{
					ProductGroup = B1AD901F1C53BCBD00DD47FC /* Products */;
					ProjectRef = B1AD901E1C53BCBD00DD47FC /* BindingsWithProtocol.xcodeproj */;
				},
				{
					ProductGroup = B1B5C6441C549DFA00230A3F /* Products */;
					ProjectRef = B1B5C6431C549DFA00230A3F /* ModifierFlagsDetect.xcodeproj */;
				},
				{
					ProductGroup = B1AD8FF71C53223200DD47FC /* Products */;
					ProjectRef = B1AD8FF61C53223200DD47FC /* NSTextView.Event.xcodeproj */;
				},
			);
			projectRoot = "";
			targets = (
			);
		};
/* End PBXProject section */

/* Begin PBXReferenceProxy section */
		B1AD8FFB1C53223300DD47FC /* NSTextView.Event.app */ = {
			isa = PBXReferenceProxy;
			fileType = wrapper.application;
			path = NSTextView.Event.app;
			remoteRef = B1AD8FFA1C53223300DD47FC /* PBXContainerItemProxy */;
			sourceTree = BUILT_PRODUCTS_DIR;
		};
		B1AD90231C53BCBE00DD47FC /* BindingsWithProtocol.app */ = {
			isa = PBXReferenceProxy;
			fileType = wrapper.application;
			path = BindingsWithProtocol.app;
			remoteRef = B1AD90221C53BCBE00DD47FC /* PBXContainerItemProxy */;
			sourceTree = BUILT_PRODUCTS_DIR;
		};
		B1B5C6491C549DFB00230A3F /* ModifierFlagsDetect.app */ = {
			isa = PBXReferenceProxy;
			fileType = wrapper.application;
			path = ModifierFlagsDetect.app;
			remoteRef = B1B5C6481C549DFB00230A3F /* PBXContainerItemProxy */;
			sourceTree = BUILT_PRODUCTS_DIR;
		};
/* End PBXReferenceProxy section */

/* Begin XCBuildConfiguration section */
		B1AD8FB81C53218A00DD47FC /* Debug */ = {
			isa = XCBuildConfiguration;
			buildSettings = {
			};
			name = Debug;
		};
		B1AD8FB91C53218A00DD47FC /* Release */ = {
			isa = XCBuildConfiguration;
			buildSettings = {
			};
			name = Release;
		};
/* End XCBuildConfiguration section */

/* Begin XCConfigurationList section */
		B1AD8FB71C53218A00DD47FC /* Build configuration list for PBXProject "SamplePrjects" */ = {
			isa = XCConfigurationList;
			buildConfigurations = (
				B1AD8FB81C53218A00DD47FC /* Debug */,
				B1AD8FB91C53218A00DD47FC /* Release */,
			);
			defaultConfigurationIsVisible = 0;
			defaultConfigurationName = Release;
		};
/* End XCConfigurationList section */
	};
	rootObject = B1AD8FB41C53218A00DD47FC /* Project object */;
}
