// !$*UTF8*$!
{
	archiveVersion = 1;
	classes = {
	};
	objectVersion = 46;
	objects = {

/* Begin PBXContainerItemProxy section */
		B11586421C5889D900C9AEE2 /* PBXContainerItemProxy */ = {
			isa = PBXContainerItemProxy;
			containerPortal = B115863A1C5889D800C9AEE2 /* ProtocolExtendedMutatingFuncCannotCallFromClass.xcodeproj */;
			proxyType = 2;
			remoteGlobalIDString = B11586281C5889D800C9AEE2;
			remoteInfo = ProtocolExtendedMutatingFuncCannotCallFromClass;
		};
		B11586471C5889D900C9AEE2 /* PBXContainerItemProxy */ = {
			isa = PBXContainerItemProxy;
			containerPortal = B1A7F7BF1C5863B5007C0982 /* SubModulesImport.xcodeproj */;
			proxyType = 2;
			remoteGlobalIDString = B1A7F7F31C5863F3007C0982;
			remoteInfo = ModuleA;
		};
		B1A7F7C61C5863B5007C0982 /* PBXContainerItemProxy */ = {
			isa = PBXContainerItemProxy;
			containerPortal = B1A56BDB1C56EFB9000FD682 /* OptionalDelegationWithProtocolExtension.xcodeproj */;
			proxyType = 2;
			remoteGlobalIDString = B1A56BEB1C56F008000FD682;
			remoteInfo = OptionalDelegationWithExtensionApp;
		};
		B1A7F7C91C5863B5007C0982 /* PBXContainerItemProxy */ = {
			isa = PBXContainerItemProxy;
			containerPortal = B1A7F7BF1C5863B5007C0982 /* SubModulesImport.xcodeproj */;
			proxyType = 2;
			remoteGlobalIDString = B1A7F7AD1C5863B4007C0982;
			remoteInfo = SubModulesImport;
		};
		B1A7F7EC1C5863DF007C0982 /* PBXContainerItemProxy */ = {
			isa = PBXContainerItemProxy;
			containerPortal = B1A7F7BF1C5863B5007C0982 /* SubModulesImport.xcodeproj */;
			proxyType = 2;
			remoteGlobalIDString = B1A7F7DE1C5863D8007C0982;
			remoteInfo = ModuleB;
		};
		B1AD8FFA1C53223300DD47FC /* PBXContainerItemProxy */ = {
			isa = PBXContainerItemProxy;
			containerPortal = B1AD8FF61C53223200DD47FC /* NSTextView.Event.xcodeproj */;
			proxyType = 2;
			remoteGlobalIDString = B1AD8FE41C53223200DD47FC;
			remoteInfo = NSTextView.Event;
		};
		B1AD90221C53BCBE00DD47FC /* PBXContainerItemProxy */ = {
			isa = PBXContainerItemProxy;
			containerPortal = B1AD901E1C53BCBD00DD47FC /* BindingsWithProtocol.xcodeproj */;
			proxyType = 2;
			remoteGlobalIDString = B1AD900C1C53BCBD00DD47FC;
			remoteInfo = BindingsWithProtocol;
		};
		B1B5C6481C549DFB00230A3F /* PBXContainerItemProxy */ = {
			isa = PBXContainerItemProxy;
			containerPortal = B1B5C6431C549DFA00230A3F /* ModifierFlagsDetect.xcodeproj */;
			proxyType = 2;
			remoteGlobalIDString = B1B5C6311C549DFA00230A3F;
			remoteInfo = ModifierFlagsDetect;
		};
/* End PBXContainerItemProxy section */

/* Begin PBXFileReference section */
		B115863A1C5889D800C9AEE2 /* ProtocolExtendedMutatingFuncCannotCallFromClass.xcodeproj */ = {isa = PBXFileReference; lastKnownFileType = "wrapper.pb-project"; name = ProtocolExtendedMutatingFuncCannotCallFromClass.xcodeproj; path = ProtocolExtendedMutatingFuncCannotCallFromClass/ProtocolExtendedMutatingFuncCannotCallFromClass.xcodeproj; sourceTree = "<group>"; };
		B1A56BDB1C56EFB9000FD682 /* OptionalDelegationWithProtocolExtension.xcodeproj */ = {isa = PBXFileReference; lastKnownFileType = "wrapper.pb-project"; name = OptionalDelegationWithProtocolExtension.xcodeproj; path = OptionalDelegationWithProtocolExtension/OptionalDelegationWithProtocolExtension.xcodeproj; sourceTree = "<group>"; };
		B1A7F7BF1C5863B5007C0982 /* SubModulesImport.xcodeproj */ = {isa = PBXFileReference; lastKnownFileType = "wrapper.pb-project"; name = SubModulesImport.xcodeproj; path = SubModulesImport/SubModulesImport.xcodeproj; sourceTree = "<group>"; };
		B1AD8FF61C53223200DD47FC /* NSTextView.Event.xcodeproj */ = {isa = PBXFileReference; lastKnownFileType = "wrapper.pb-project"; name = NSTextView.Event.xcodeproj; path = NSTextView.Event/NSTextView.Event.xcodeproj; sourceTree = "<group>"; };
		B1AD901E1C53BCBD00DD47FC /* BindingsWithProtocol.xcodeproj */ = {isa = PBXFileReference; lastKnownFileType = "wrapper.pb-project"; name = BindingsWithProtocol.xcodeproj; path = BindingsWithProtocol/BindingsWithProtocol.xcodeproj; sourceTree = "<group>"; };
		B1B5C6431C549DFA00230A3F /* ModifierFlagsDetect.xcodeproj */ = {isa = PBXFileReference; lastKnownFileType = "wrapper.pb-project"; name = ModifierFlagsDetect.xcodeproj; path = ModifierFlagsDetect/ModifierFlagsDetect.xcodeproj; sourceTree = "<group>"; };
/* End PBXFileReference section */

/* Begin PBXGroup section */
		B115863B1C5889D800C9AEE2 /* Products */ = {
			isa = PBXGroup;
			children = (
				B11586431C5889D900C9AEE2 /* ProtocolExtendedMutatingFuncCannotCallFromClass.app */,
			);
			name = Products;
			sourceTree = "<group>";
		};
		B1A56BDC1C56EFB9000FD682 /* Products */ = {
			isa = PBXGroup;
			children = (
				B1A7F7C71C5863B5007C0982 /* OptionalDelegationWithExtensionApp.app */,
			);
			name = Products;
			sourceTree = "<group>";
		};
		B1A7F7C01C5863B5007C0982 /* Products */ = {
			isa = PBXGroup;
			children = (
				B1A7F7CA1C5863B5007C0982 /* SubModulesImport.app */,
				B11586481C5889D900C9AEE2 /* ModuleA.framework */,
				B1A7F7ED1C5863DF007C0982 /* ModuleB.framework */,
			);
			name = Products;
			sourceTree = "<group>";
		};
		B1A7F7D11C5863C6007C0982 /* Products */ = {
			isa = PBXGroup;
			children = (
			);
			name = Products;
			sourceTree = "<group>";
		};
		B1AD8FB31C53218A00DD47FC = {
			isa = PBXGroup;
			children = (
				B115863A1C5889D800C9AEE2 /* ProtocolExtendedMutatingFuncCannotCallFromClass.xcodeproj */,
				B1A7F7BF1C5863B5007C0982 /* SubModulesImport.xcodeproj */,
				B1A56BDB1C56EFB9000FD682 /* OptionalDelegationWithProtocolExtension.xcodeproj */,
				B1B5C6431C549DFA00230A3F /* ModifierFlagsDetect.xcodeproj */,
				B1AD901E1C53BCBD00DD47FC /* BindingsWithProtocol.xcodeproj */,
				B1AD8FF61C53223200DD47FC /* NSTextView.Event.xcodeproj */,
				B1A7F7D11C5863C6007C0982 /* Products */,
			);
			sourceTree = "<group>";
			usesTabs = 1;
		};
		B1AD8FF71C53223200DD47FC /* Products */ = {
			isa = PBXGroup;
			children = (
				B1AD8FFB1C53223300DD47FC /* NSTextView.Event.app */,
			);
			name = Products;
			sourceTree = "<group>";
		};
		B1AD901F1C53BCBD00DD47FC /* Products */ = {
			isa = PBXGroup;
			children = (
				B1AD90231C53BCBE00DD47FC /* BindingsWithProtocol.app */,
			);
			name = Products;
			sourceTree = "<group>";
		};
		B1B5C6441C549DFA00230A3F /* Products */ = {
			isa = PBXGroup;
			children = (
				B1B5C6491C549DFB00230A3F /* ModifierFlagsDetect.app */,
			);
			name = Products;
			sourceTree = "<group>";
		};
/* End PBXGroup section */

/* Begin PBXProject section */
		B1AD8FB41C53218A00DD47FC /* Project object */ = {
			isa = PBXProject;
			attributes = {
				LastUpgradeCheck = 0720;
			};
			buildConfigurationList = B1AD8FB71C53218A00DD47FC /* Build configuration list for PBXProject "SamplePrjects" */;
			compatibilityVersion = "Xcode 3.2";
			developmentRegion = English;
			hasScannedForEncodings = 0;
			knownRegions = (
				en,
			);
			mainGroup = B1AD8FB31C53218A00DD47FC;
			productRefGroup = B1A7F7D11C5863C6007C0982 /* Products */;
			projectDirPath = "";
			projectReferences = (
				{
					ProductGroup = B1AD901F1C53BCBD00DD47FC /* Products */;
					ProjectRef = B1AD901E1C53BCBD00DD47FC /* BindingsWithProtocol.xcodeproj */;
				},
				{
					ProductGroup = B1B5C6441C549DFA00230A3F /* Products */;
					ProjectRef = B1B5C6431C549DFA00230A3F /* ModifierFlagsDetect.xcodeproj */;
				},
				{
					ProductGroup = B1AD8FF71C53223200DD47FC /* Products */;
					ProjectRef = B1AD8FF61C53223200DD47FC /* NSTextView.Event.xcodeproj */;
				},
				{
					ProductGroup = B1A56BDC1C56EFB9000FD682 /* Products */;
					ProjectRef = B1A56BDB1C56EFB9000FD682 /* OptionalDelegationWithProtocolExtension.xcodeproj */;
				},
				{
					ProductGroup = B115863B1C5889D800C9AEE2 /* Products */;
					ProjectRef = B115863A1C5889D800C9AEE2 /* ProtocolExtendedMutatingFuncCannotCallFromClass.xcodeproj */;
				},
				{
					ProductGroup = B1A7F7C01C5863B5007C0982 /* Products */;
					ProjectRef = B1A7F7BF1C5863B5007C0982 /* SubModulesImport.xcodeproj */;
				},
			);
			projectRoot = "";
			targets = (
			);
		};
/* End PBXProject section */

/* Begin PBXReferenceProxy section */
		B11586431C5889D900C9AEE2 /* ProtocolExtendedMutatingFuncCannotCallFromClass.app */ = {
			isa = PBXReferenceProxy;
			fileType = wrapper.application;
			path = ProtocolExtendedMutatingFuncCannotCallFromClass.app;
			remoteRef = B11586421C5889D900C9AEE2 /* PBXContainerItemProxy */;
			sourceTree = BUILT_PRODUCTS_DIR;
		};
		B11586481C5889D900C9AEE2 /* ModuleA.framework */ = {
			isa = PBXReferenceProxy;
			fileType = wrapper.framework;
			path = ModuleA.framework;
			remoteRef = B11586471C5889D900C9AEE2 /* PBXContainerItemProxy */;
			sourceTree = BUILT_PRODUCTS_DIR;
		};
		B1A7F7C71C5863B5007C0982 /* OptionalDelegationWithExtensionApp.app */ = {
			isa = PBXReferenceProxy;
			fileType = wrapper.application;
			path = OptionalDelegationWithExtensionApp.app;
			remoteRef = B1A7F7C61C5863B5007C0982 /* PBXContainerItemProxy */;
			sourceTree = BUILT_PRODUCTS_DIR;
		};
		B1A7F7CA1C5863B5007C0982 /* SubModulesImport.app */ = {
			isa = PBXReferenceProxy;
			fileType = wrapper.application;
			path = SubModulesImport.app;
			remoteRef = B1A7F7C91C5863B5007C0982 /* PBXContainerItemProxy */;
			sourceTree = BUILT_PRODUCTS_DIR;
		};
		B1A7F7ED1C5863DF007C0982 /* ModuleB.framework */ = {
			isa = PBXReferenceProxy;
			fileType = wrapper.framework;
			path = ModuleB.framework;
			remoteRef = B1A7F7EC1C5863DF007C0982 /* PBXContainerItemProxy */;
			sourceTree = BUILT_PRODUCTS_DIR;
		};
		B1AD8FFB1C53223300DD47FC /* NSTextView.Event.app */ = {
			isa = PBXReferenceProxy;
			fileType = wrapper.application;
			path = NSTextView.Event.app;
			remoteRef = B1AD8FFA1C53223300DD47FC /* PBXContainerItemProxy */;
			sourceTree = BUILT_PRODUCTS_DIR;
		};
		B1AD90231C53BCBE00DD47FC /* BindingsWithProtocol.app */ = {
			isa = PBXReferenceProxy;
			fileType = wrapper.application;
			path = BindingsWithProtocol.app;
			remoteRef = B1AD90221C53BCBE00DD47FC /* PBXContainerItemProxy */;
			sourceTree = BUILT_PRODUCTS_DIR;
		};
		B1B5C6491C549DFB00230A3F /* ModifierFlagsDetect.app */ = {
			isa = PBXReferenceProxy;
			fileType = wrapper.application;
			path = ModifierFlagsDetect.app;
			remoteRef = B1B5C6481C549DFB00230A3F /* PBXContainerItemProxy */;
			sourceTree = BUILT_PRODUCTS_DIR;
		};
/* End PBXReferenceProxy section */

/* Begin XCBuildConfiguration section */
		B1AD8FB81C53218A00DD47FC /* Debug */ = {
			isa = XCBuildConfiguration;
			buildSettings = {
			};
			name = Debug;
		};
		B1AD8FB91C53218A00DD47FC /* Release */ = {
			isa = XCBuildConfiguration;
			buildSettings = {
			};
			name = Release;
		};
/* End XCBuildConfiguration section */

/* Begin XCConfigurationList section */
		B1AD8FB71C53218A00DD47FC /* Build configuration list for PBXProject "SamplePrjects" */ = {
			isa = XCConfigurationList;
			buildConfigurations = (
				B1AD8FB81C53218A00DD47FC /* Debug */,
				B1AD8FB91C53218A00DD47FC /* Release */,
			);
			defaultConfigurationIsVisible = 0;
			defaultConfigurationName = Release;
		};
/* End XCConfigurationList section */
	};
	rootObject = B1AD8FB41C53218A00DD47FC /* Project object */;
}
