// !$*UTF8*$!
{
	archiveVersion = 1;
	classes = {
	};
	objectVersion = 46;
	objects = {

/* Begin PBXGroup section */
		B1AD8FB31C53218A00DD47FC = {
			isa = PBXGroup;
			children = (
			);
			sourceTree = "<group>";
		};
/* End PBXGroup section */

/* Begin PBXProject section */
		B1AD8FB41C53218A00DD47FC /* Project object */ = {
			isa = PBXProject;
			attributes = {
				LastUpgradeCheck = 0720;
			};
			buildConfigurationList = B1AD8FB71C53218A00DD47FC /* Build configuration list for PBXProject "SamplePrjects" */;
			compatibilityVersion = "Xcode 3.2";
			developmentRegion = English;
			hasScannedForEncodings = 0;
			knownRegions = (
				en,
			);
			mainGroup = B1AD8FB31C53218A00DD47FC;
			projectDirPath = "";
			projectRoot = "";
			targets = (
			);
		};
/* End PBXProject section */

/* Begin XCBuildConfiguration section */
		B1AD8FB81C53218A00DD47FC /* Debug */ = {
			isa = XCBuildConfiguration;
			buildSettings = {
			};
			name = Debug;
		};
		B1AD8FB91C53218A00DD47FC /* Release */ = {
			isa = XCBuildConfiguration;
			buildSettings = {
			};
			name = Release;
		};
/* End XCBuildConfiguration section */

/* Begin XCConfigurationList section */
		B1AD8FB71C53218A00DD47FC /* Build configuration list for PBXProject "SamplePrjects" */ = {
			isa = XCConfigurationList;
			buildConfigurations = (
				B1AD8FB81C53218A00DD47FC /* Debug */,
				B1AD8FB91C53218A00DD47FC /* Release */,
			);
			defaultConfigurationIsVisible = 0;
			defaultConfigurationName = Release;
		};
/* End XCConfigurationList section */
	};
	rootObject = B1AD8FB41C53218A00DD47FC /* Project object */;
}
